
Microsoft Visual Studio Solution File, Format Version 12.00
# Visual Studio Version 16
VisualStudioVersion = 16.0.31624.102
MinimumVisualStudioVersion = 10.0.40219.1
Project("{FAE04EC0-301F-11D3-BF4B-00C04F79EFBC}") = "OdeToFood.Data", "OdeToFood.Data\OdeToFood.Data.csproj", "{8C8AC284-B09C-404E-91BA-01DEF7D81421}"
EndProject
Project("{FAE04EC0-301F-11D3-BF4B-00C04F79EFBC}") = "OdeToFood.Web", "OdeToFood.Web\OdeToFood.Web.csproj", "{FA433619-EF9C-47D7-A1F3-69294333D4AB}"
EndProject
Global
	GlobalSection(SolutionConfigurationPlatforms) = preSolution
		Debug|Any CPU = Debug|Any CPU
		Release|Any CPU = Release|Any CPU
	EndGlobalSection
	GlobalSection(ProjectConfigurationPlatforms) = postSolution
		{8C8AC284-B09C-404E-91BA-01DEF7D81421}.Debug|Any CPU.ActiveCfg = Debug|Any CPU
		{8C8AC284-B09C-404E-91BA-01DEF7D81421}.Debug|Any CPU.Build.0 = Debug|Any CPU
		{8C8AC284-B09C-404E-91BA-01DEF7D81421}.Release|Any CPU.ActiveCfg = Release|Any CPU
		{8C8AC284-B09C-404E-91BA-01DEF7D81421}.Release|Any CPU.Build.0 = Release|Any CPU
		{FA433619-EF9C-47D7-A1F3-69294333D4AB}.Debug|Any CPU.ActiveCfg = Debug|Any CPU
		{FA433619-EF9C-47D7-A1F3-69294333D4AB}.Debug|Any CPU.Build.0 = Debug|Any CPU
		{FA433619-EF9C-47D7-A1F3-69294333D4AB}.Release|Any CPU.ActiveCfg = Release|Any CPU
		{FA433619-EF9C-47D7-A1F3-69294333D4AB}.Release|Any CPU.Build.0 = Release|Any CPU
	EndGlobalSection
	GlobalSection(SolutionProperties) = preSolution
		HideSolutionNode = FALSE
	EndGlobalSection
	GlobalSection(ExtensibilityGlobals) = postSolution
		SolutionGuid = {E15ED1F8-1F3E-478A-AC59-F297C13E4ED8}
	EndGlobalSection
EndGlobal
